
Microsoft Visual Studio Solution File, Format Version 12.00
# Visual Studio Version 17
VisualStudioVersion = 17.0.31903.59
MinimumVisualStudioVersion = 10.0.40219.1
Project("{2150E333-8FDC-42A3-9474-1A3956D46DE8}") = "src", "src", "{827E0CD3-B72D-47B6-A68D-7590B98EB39B}"
EndProject
Project("{FAE04EC0-301F-11D3-BF4B-00C04F79EFBC}") = "BS.Domain", "src\BS.Domain\BS.Domain.csproj", "{EC6C0A7A-4943-45CB-8F60-F7C859E89EA0}"
EndProject
Project("{FAE04EC0-301F-11D3-BF4B-00C04F79EFBC}") = "BS.Application", "src\BS.Application\BS.Application.csproj", "{5D128BE1-C9E2-409F-846E-F6CD5E26CB2C}"
EndProject
Project("{FAE04EC0-301F-11D3-BF4B-00C04F79EFBC}") = "BS.Infrastructure", "src\BS.Infrastructure\BS.Infrastructure.csproj", "{E7A5884E-5C44-4851-AC0A-57F2B0F856AA}"
EndProject
Project("{FAE04EC0-301F-11D3-BF4B-00C04F79EFBC}") = "BS.API", "src\BS.API\BS.API.csproj", "{16D5FA4C-63DF-40B5-9508-5AF7FFE81467}"
EndProject
Global
	GlobalSection(SolutionConfigurationPlatforms) = preSolution
		Debug|Any CPU = Debug|Any CPU
		Debug|x64 = Debug|x64
		Debug|x86 = Debug|x86
		Release|Any CPU = Release|Any CPU
		Release|x64 = Release|x64
		Release|x86 = Release|x86
	EndGlobalSection
	GlobalSection(ProjectConfigurationPlatforms) = postSolution
		{EC6C0A7A-4943-45CB-8F60-F7C859E89EA0}.Debug|Any CPU.ActiveCfg = Debug|Any CPU
		{EC6C0A7A-4943-45CB-8F60-F7C859E89EA0}.Debug|Any CPU.Build.0 = Debug|Any CPU
		{EC6C0A7A-4943-45CB-8F60-F7C859E89EA0}.Debug|x64.ActiveCfg = Debug|Any CPU
		{EC6C0A7A-4943-45CB-8F60-F7C859E89EA0}.Debug|x64.Build.0 = Debug|Any CPU
		{EC6C0A7A-4943-45CB-8F60-F7C859E89EA0}.Debug|x86.ActiveCfg = Debug|Any CPU
		{EC6C0A7A-4943-45CB-8F60-F7C859E89EA0}.Debug|x86.Build.0 = Debug|Any CPU
		{EC6C0A7A-4943-45CB-8F60-F7C859E89EA0}.Release|Any CPU.ActiveCfg = Release|Any CPU
		{EC6C0A7A-4943-45CB-8F60-F7C859E89EA0}.Release|Any CPU.Build.0 = Release|Any CPU
		{EC6C0A7A-4943-45CB-8F60-F7C859E89EA0}.Release|x64.ActiveCfg = Release|Any CPU
		{EC6C0A7A-4943-45CB-8F60-F7C859E89EA0}.Release|x64.Build.0 = Release|Any CPU
		{EC6C0A7A-4943-45CB-8F60-F7C859E89EA0}.Release|x86.ActiveCfg = Release|Any CPU
		{EC6C0A7A-4943-45CB-8F60-F7C859E89EA0}.Release|x86.Build.0 = Release|Any CPU
		{5D128BE1-C9E2-409F-846E-F6CD5E26CB2C}.Debug|Any CPU.ActiveCfg = Debug|Any CPU
		{5D128BE1-C9E2-409F-846E-F6CD5E26CB2C}.Debug|Any CPU.Build.0 = Debug|Any CPU
		{5D128BE1-C9E2-409F-846E-F6CD5E26CB2C}.Debug|x64.ActiveCfg = Debug|Any CPU
		{5D128BE1-C9E2-409F-846E-F6CD5E26CB2C}.Debug|x64.Build.0 = Debug|Any CPU
		{5D128BE1-C9E2-409F-846E-F6CD5E26CB2C}.Debug|x86.ActiveCfg = Debug|Any CPU
		{5D128BE1-C9E2-409F-846E-F6CD5E26CB2C}.Debug|x86.Build.0 = Debug|Any CPU
		{5D128BE1-C9E2-409F-846E-F6CD5E26CB2C}.Release|Any CPU.ActiveCfg = Release|Any CPU
		{5D128BE1-C9E2-409F-846E-F6CD5E26CB2C}.Release|Any CPU.Build.0 = Release|Any CPU
		{5D128BE1-C9E2-409F-846E-F6CD5E26CB2C}.Release|x64.ActiveCfg = Release|Any CPU
		{5D128BE1-C9E2-409F-846E-F6CD5E26CB2C}.Release|x64.Build.0 = Release|Any CPU
		{5D128BE1-C9E2-409F-846E-F6CD5E26CB2C}.Release|x86.ActiveCfg = Release|Any CPU
		{5D128BE1-C9E2-409F-846E-F6CD5E26CB2C}.Release|x86.Build.0 = Release|Any CPU
		{E7A5884E-5C44-4851-AC0A-57F2B0F856AA}.Debug|Any CPU.ActiveCfg = Debug|Any CPU
		{E7A5884E-5C44-4851-AC0A-57F2B0F856AA}.Debug|Any CPU.Build.0 = Debug|Any CPU
		{E7A5884E-5C44-4851-AC0A-57F2B0F856AA}.Debug|x64.ActiveCfg = Debug|Any CPU
		{E7A5884E-5C44-4851-AC0A-57F2B0F856AA}.Debug|x64.Build.0 = Debug|Any CPU
		{E7A5884E-5C44-4851-AC0A-57F2B0F856AA}.Debug|x86.ActiveCfg = Debug|Any CPU
		{E7A5884E-5C44-4851-AC0A-57F2B0F856AA}.Debug|x86.Build.0 = Debug|Any CPU
		{E7A5884E-5C44-4851-AC0A-57F2B0F856AA}.Release|Any CPU.ActiveCfg = Release|Any CPU
		{E7A5884E-5C44-4851-AC0A-57F2B0F856AA}.Release|Any CPU.Build.0 = Release|Any CPU
		{E7A5884E-5C44-4851-AC0A-57F2B0F856AA}.Release|x64.ActiveCfg = Release|Any CPU
		{E7A5884E-5C44-4851-AC0A-57F2B0F856AA}.Release|x64.Build.0 = Release|Any CPU
		{E7A5884E-5C44-4851-AC0A-57F2B0F856AA}.Release|x86.ActiveCfg = Release|Any CPU
		{E7A5884E-5C44-4851-AC0A-57F2B0F856AA}.Release|x86.Build.0 = Release|Any CPU
		{16D5FA4C-63DF-40B5-9508-5AF7FFE81467}.Debug|Any CPU.ActiveCfg = Debug|Any CPU
		{16D5FA4C-63DF-40B5-9508-5AF7FFE81467}.Debug|Any CPU.Build.0 = Debug|Any CPU
		{16D5FA4C-63DF-40B5-9508-5AF7FFE81467}.Debug|x64.ActiveCfg = Debug|Any CPU
		{16D5FA4C-63DF-40B5-9508-5AF7FFE81467}.Debug|x64.Build.0 = Debug|Any CPU
		{16D5FA4C-63DF-40B5-9508-5AF7FFE81467}.Debug|x86.ActiveCfg = Debug|Any CPU
		{16D5FA4C-63DF-40B5-9508-5AF7FFE81467}.Debug|x86.Build.0 = Debug|Any CPU
		{16D5FA4C-63DF-40B5-9508-5AF7FFE81467}.Release|Any CPU.ActiveCfg = Release|Any CPU
		{16D5FA4C-63DF-40B5-9508-5AF7FFE81467}.Release|Any CPU.Build.0 = Release|Any CPU
		{16D5FA4C-63DF-40B5-9508-5AF7FFE81467}.Release|x64.ActiveCfg = Release|Any CPU
		{16D5FA4C-63DF-40B5-9508-5AF7FFE81467}.Release|x64.Build.0 = Release|Any CPU
		{16D5FA4C-63DF-40B5-9508-5AF7FFE81467}.Release|x86.ActiveCfg = Release|Any CPU
		{16D5FA4C-63DF-40B5-9508-5AF7FFE81467}.Release|x86.Build.0 = Release|Any CPU
	EndGlobalSection
	GlobalSection(SolutionProperties) = preSolution
		HideSolutionNode = FALSE
	EndGlobalSection
	GlobalSection(NestedProjects) = preSolution
		{EC6C0A7A-4943-45CB-8F60-F7C859E89EA0} = {827E0CD3-B72D-47B6-A68D-7590B98EB39B}
		{5D128BE1-C9E2-409F-846E-F6CD5E26CB2C} = {827E0CD3-B72D-47B6-A68D-7590B98EB39B}
		{E7A5884E-5C44-4851-AC0A-57F2B0F856AA} = {827E0CD3-B72D-47B6-A68D-7590B98EB39B}
		{16D5FA4C-63DF-40B5-9508-5AF7FFE81467} = {827E0CD3-B72D-47B6-A68D-7590B98EB39B}
	EndGlobalSection
EndGlobal
